github.com/gorilla/websocket v1.4.0 h1:WDFjx/TMzVgy9VdMMQi2K2Emtwi2QcUQsztZ/zLaH/Q=
github.com/gorilla/websocket v1.4.0/go.mod h1:E7qHFY5m1UJ88s3WnNqhKjPHQ0heANvMoAMk2YaljkQ=
github.com/josegonzalez/ircbot v0.0.0-20190304091513-e8b9bee56614 h1:kNBDPwyVyS57/ggCkgl8aJdJeVnYFjTvFRMUXYcThzo=
github.com/josegonzalez/ircbot v0.0.0-20190304091513-e8b9bee56614/go.mod h1:LbUstRHxGZ9AY0Fwlm4BMoNIkRzHRAstDqVRhAfyBxI=
github.com/josegonzalez/ircbot v0.0.0-20190304091652-ac501b912d0e h1:54TcJfXK8SCqXyfcz0EIaDes8YCY6EejD1NUrrNeEbo=
github.com/josegonzalez/ircbot v0.0.0-20190304091652-ac501b912d0e/go.mod h1:LbUstRHxGZ9AY0Fwlm4BMoNIkRzHRAstDqVRhAfyBxI=
github.com/josegonzalez/slackbot-1 v0.0.0-20150823123418-c6d60dcd99bd h1:b0o5ZTniMcDPxyRIEhEWcav1KY2YwnpS46KBSXbIFk8=
github.com/josegonzalez/slackbot-1 v0.0.0-20150823123418-c6d60dcd99bd/go.mod h1:Jx9ip+34VvMuYoK8OZT1JYzr9UMGN2PwmUt123tYWTU=
github.com/josegonzalez/slackbot-1 v0.0.0-20190304081937-785122eb1330 h1:PuvOat94SJaa80bQ+Fl42poIrKVlKqFCbBmX4v3Tmeg=
github.com/josegonzalez/slackbot-1 v0.0.0-20190304081937-785122eb1330/go.mod h1:Jx9ip+34VvMuYoK8OZT1JYzr9UMGN2PwmUt123tYWTU=
github.com/josegonzalez/slackbot-1 v0.0.0-20190304082504-45e9455f956c h1:s6h0TWZOJat+FtH4NeY8wK0bXrYozgg0a3l6CCY+BjM=
github.com/josegonzalez/slackbot-1 v0.0.0-20190304082504-45e9455f956c/go.mod h1:Jx9ip+34VvMuYoK8OZT1JYzr9UMGN2PwmUt123tYWTU=
github.com/josegonzalez/slackbot-1 v0.0.0-20190304083238-af3a263ca853 h1:4pEwa1upSm2ZTyGnpg8EJWMlJxCvKy+HmvuV6WOmB7E=
github.com/josegonzalez/slackbot-1 v0.0.0-20190304083238-af3a263ca853/go.mod h1:Jx9ip+34VvMuYoK8OZT1JYzr9UMGN2PwmUt123tYWTU=
github.com/josegonzalez/slackbot-1 v0.0.0-20190304093813-552d40568ab5 h1:iTxnGqfJkbDEyNyLnlzNYVYopbvoY4L/tRq0Dn0QelU=
github.com/josegonzalez/slackbot-1 v0.0.0-20190304093813-552d40568ab5/go.mod h1:Jx9ip+34VvMuYoK8OZT1JYzr9UMGN2PwmUt123tYWTU=
github.com/nlopes/slack v0.4.0 h1:OVnHm7lv5gGT5gkcHsZAyw++oHVFihbjWbL3UceUpiA=
github.com/nlopes/slack v0.4.0/go.mod h1:jVI4BBK3lSktibKahxBF74txcK2vyvkza1z/+rRnVAM=
github.com/nlopes/slack v0.5.0 h1:NbIae8Kd0NpqaEI3iUrsuS0KbcEDhzhc939jLW5fNm0=
github.com/nlopes/slack v0.5.0/go.mod h1:jVI4BBK3lSktibKahxBF74txcK2vyvkza1z/+rRnVAM=
github.com/nlopes/slack v0.5.1-0.20190301024345-71a00675abf3 h1:gtls/hxwKe1tqjrGV7qknm8Tpd/r7VmNL1QxWvEHt5E=
github.com/nlopes/slack v0.5.1-0.20190301024345-71a00675abf3/go.mod h1:jVI4BBK3lSktibKahxBF74txcK2vyvkza1z/+rRnVAM=
github.com/op/go-logging v0.0.0-20160315200505-970db520ece7 h1:lDH9UUVJtmYCjyT0CI4q8xvlXPxeZ0gYCVvWbmPlp88=
github.com/op/go-logging v0.0.0-20160315200505-970db520ece7/go.mod h1:HzydrMdWErDVzsI23lYNej1Htcns9BCg93Dk0bBINWk=
github.com/pkg/errors v0.8.1 h1:iURUrRGxPUNPdy5/HRSm+Yj6okJ6UtLINN0Q9M4+h3I=
github.com/pkg/errors v0.8.1/go.mod h1:bwawxfHBFNV+L2hUp1rHADufV3IMtnDRdf1r5NINEl0=
github.com/sorcix/irc v1.1.4 h1:KDmVMPPzK4kbf3TQw1RsZAqTsh2JL9Zw69hYduX9Ykw=
github.com/sorcix/irc v1.1.4/go.mod h1:MhzbySH63tDknqfvAAFK3ps/942g4z9EeJ/4lGgHyZc=
github.com/voldyman/ircbot v0.0.0-20180801170548-b67e065388e2 h1:UoZJWWh8sYjh7MtuJnNdbtY8yaHQAQnY4POmA0bFw/c=
github.com/voldyman/ircbot v0.0.0-20180801170548-b67e065388e2/go.mod h1:DlwbsP8J1bukZBtG6N48wwKID89+tM7rhKG4WkWRMqE=
github.com/voldyman/ircx v0.0.0-20150417152333-86c86cd1daa1 h1:3IkYJ4DEwRV2U/gSiF1QLa48K4oqt6xqrCYasUyQnYE=
github.com/voldyman/ircx v0.0.0-20150417152333-86c86cd1daa1/go.mod h1:iET3hV/jN8BTYMkT1lSDtntP2jhmuJpsAaG6BNn2/EM=
github.com/voldyman/slackbot v0.0.0-20150823123418-c6d60dcd99bd h1:U8VIlWRXsWsHNSQGwSKORmi9y/7HjTjAMpaXFj/7g4Q=
github.com/voldyman/slackbot v0.0.0-20150823123418-c6d60dcd99bd/go.mod h1:c7YEVRaFwQdyiUTT/dHo/KCagXaICo5m8muMX6PRgsE=
